
Microsoft Visual Studio Solution File, Format Version 12.00
# Visual Studio Version 17
VisualStudioVersion = 17.11.35303.130
MinimumVisualStudioVersion = 10.0.40219.1
Project("{FAE04EC0-301F-11D3-BF4B-00C04F79EFBC}") = "DTSWindowsForm", "DTSWindowsForm\DTSWindowsForm.csproj", "{4C9308B9-4931-418E-950D-DE12C509E286}"
EndProject
Global
	GlobalSection(SolutionConfigurationPlatforms) = preSolution
		Debug|Any CPU = Debug|Any CPU
		Release|Any CPU = Release|Any CPU
	EndGlobalSection
	GlobalSection(ProjectConfigurationPlatforms) = postSolution
		{4C9308B9-4931-418E-950D-DE12C509E286}.Debug|Any CPU.ActiveCfg = Debug|Any CPU
		{4C9308B9-4931-418E-950D-DE12C509E286}.Debug|Any CPU.Build.0 = Debug|Any CPU
		{4C9308B9-4931-418E-950D-DE12C509E286}.Release|Any CPU.ActiveCfg = Release|Any CPU
		{4C9308B9-4931-418E-950D-DE12C509E286}.Release|Any CPU.Build.0 = Release|Any CPU
	EndGlobalSection
	GlobalSection(SolutionProperties) = preSolution
		HideSolutionNode = FALSE
	EndGlobalSection
	GlobalSection(ExtensibilityGlobals) = postSolution
		SolutionGuid = {2B6796CE-6578-4B52-AC2E-A76FA355DA55}
	EndGlobalSection
EndGlobal
